{
  "projects": [
    {
      "projectId": "qeJKyv24ewJk52PwTQnhz5",
      "version": "latest",
      "dependencies": {},
      "lang": "js",
      "fileLocks": [
        {
          "type": "globalVariant",
          "assetId": "FXfm7FVZU4dV",
          "checksum": "6de630fa4232e22ce7e74174569bf50c"
        },
        {
          "type": "renderModule",
          "assetId": "AlI4xpMbudxs",
          "checksum": "3b6c2c321dd90846425791f29bd01554"
        },
        {
          "type": "cssRules",
          "assetId": "AlI4xpMbudxs",
          "checksum": "3b6c2c321dd90846425791f29bd01554"
        },
        {
          "type": "renderModule",
          "assetId": "nC9ra_QPn5we",
          "checksum": "24b959121598c4e3e710417b1bf90380"
        },
        {
          "type": "cssRules",
          "assetId": "nC9ra_QPn5we",
          "checksum": "24b959121598c4e3e710417b1bf90380"
        },
        {
          "type": "renderModule",
          "assetId": "FxuNOnUz13vL",
          "checksum": "c71aead79c20783d4f467a5a9fc4912d"
        },
        {
          "type": "cssRules",
          "assetId": "FxuNOnUz13vL",
          "checksum": "c71aead79c20783d4f467a5a9fc4912d"
        },
        {
          "type": "renderModule",
          "assetId": "j4bCvz0XmPc5",
          "checksum": "48a9867e15effbacb62950573c0ec37f"
        },
        {
          "type": "cssRules",
          "assetId": "j4bCvz0XmPc5",
          "checksum": "48a9867e15effbacb62950573c0ec37f"
        },
        {
          "type": "renderModule",
          "assetId": "lNSHfehqVjfm",
          "checksum": "c7b3b7bc9591350bdec0da739844230c"
        },
        {
          "type": "cssRules",
          "assetId": "lNSHfehqVjfm",
          "checksum": "c7b3b7bc9591350bdec0da739844230c"
        },
        {
          "type": "renderModule",
          "assetId": "9Ab7v_fBlAA0",
          "checksum": "342db516a5509f5494eb2b534f7bc24a"
        },
        {
          "type": "cssRules",
          "assetId": "9Ab7v_fBlAA0",
          "checksum": "342db516a5509f5494eb2b534f7bc24a"
        },
        {
          "type": "renderModule",
          "assetId": "Elpb9dQGtjP5",
          "checksum": "35aeb8fab84248f952160a840c349e51"
        },
        {
          "type": "cssRules",
          "assetId": "Elpb9dQGtjP5",
          "checksum": "35aeb8fab84248f952160a840c349e51"
        },
        {
          "type": "renderModule",
          "assetId": "-v-edMPYHkAy",
          "checksum": "7a4d4b01dbf7467d55b60925851730e1"
        },
        {
          "type": "cssRules",
          "assetId": "-v-edMPYHkAy",
          "checksum": "7a4d4b01dbf7467d55b60925851730e1"
        },
        {
          "type": "renderModule",
          "assetId": "WzNHfUNYlW36",
          "checksum": "c444deed8aabd936d125c0808e3e75e7"
        },
        {
          "type": "cssRules",
          "assetId": "WzNHfUNYlW36",
          "checksum": "c444deed8aabd936d125c0808e3e75e7"
        },
        {
          "type": "renderModule",
          "assetId": "KtyKUt8SZKoL",
          "checksum": "2d49e8d6b660fd33af3c66538dd0dd79"
        },
        {
          "type": "cssRules",
          "assetId": "KtyKUt8SZKoL",
          "checksum": "2d49e8d6b660fd33af3c66538dd0dd79"
        },
        {
          "type": "renderModule",
          "assetId": "0IuCdBRHA9lp",
          "checksum": "9658a7eb7c3fcfaacc442d44654a81e3"
        },
        {
          "type": "cssRules",
          "assetId": "0IuCdBRHA9lp",
          "checksum": "9658a7eb7c3fcfaacc442d44654a81e3"
        },
        {
          "type": "icon",
          "assetId": "4OH6XpMqPfnj",
          "checksum": "5b5fd73babbed0866e948cad0fa00886"
        },
        {
          "type": "icon",
          "assetId": "KJOUBeJvRMdn",
          "checksum": "b32172ddae40fb70978377bcee2792cb"
        },
        {
          "type": "icon",
          "assetId": "jBxZEyMVwaLF",
          "checksum": "6bc920cccfb97113c452be10fa34c590"
        },
        {
          "type": "icon",
          "assetId": "XYT4oGBMQIpV",
          "checksum": "aa702c6f0329f525bd0b88d5317084be"
        },
        {
          "type": "icon",
          "assetId": "9U3CrnmJzwZm",
          "checksum": "6362434422aa14f8e148872ae932a8bd"
        },
        {
          "type": "icon",
          "assetId": "mdIMBApmDuNF",
          "checksum": "a9d30b78371f503ca5a576cb1a548590"
        },
        {
          "type": "icon",
          "assetId": "uCykPUPwAtDs",
          "checksum": "2b8b7e52c16b4dd4bb54ee84739d1b5b"
        },
        {
          "type": "icon",
          "assetId": "5_44tvwtFUtf",
          "checksum": "9644c160c68cd0750fcf6c50bf6eb96f"
        },
        {
          "type": "icon",
          "assetId": "k-YrEebY7YMt",
          "checksum": "f5de7fd42a98b55a78a36d9c4bbc729d"
        },
        {
          "type": "image",
          "assetId": "QElR-72NrFKO",
          "checksum": "60e77060098e8df730200c9a653acc9a"
        },
        {
          "type": "image",
          "assetId": "4SdPY7SCxEDt",
          "checksum": "3b76dbe0bd1e6e324dfe3ddadb344f8d"
        },
        {
          "type": "image",
          "assetId": "9Py8ZYRnUekD",
          "checksum": "679500f71f0ad8bbbdf664828dd8440c"
        },
        {
          "type": "image",
          "assetId": "a9U9xksyPmcO",
          "checksum": "3858139317e4df0664228ad2a8ed1aae"
        },
        {
          "type": "image",
          "assetId": "O9TMgWyqZdI9",
          "checksum": "db7d936a2e8783adb953ba3896f0c4a3"
        },
        {
          "type": "image",
          "assetId": "WpiaVG_Oc8Zs",
          "checksum": "a1b0d764d19dec963e3e8c9dbf6d395d"
        },
        {
          "type": "image",
          "assetId": "BGBCNXPL0NLW",
          "checksum": "8c8978941aef4a6be8a4bb699cea37a8"
        },
        {
          "type": "image",
          "assetId": "HMu3WU7gDjej",
          "checksum": "047dcf41b7120b5e9d9b3b61f8038fc1"
        },
        {
          "type": "image",
          "assetId": "ZVl_kmMUyL_R",
          "checksum": "1f5d837c72a37c21366c09493d2b7d47"
        },
        {
          "type": "image",
          "assetId": "FvfSmW2hXjF6",
          "checksum": "1d43c90d407b30ca18a69f1980a4f752"
        },
        {
          "type": "image",
          "assetId": "3M--uxRE2qe1",
          "checksum": "d6369f9cc7b7b529fc0b7a9a6989abe3"
        },
        {
          "type": "image",
          "assetId": "-wKj4_2ZiAlF",
          "checksum": "acc377995c32bee2f70300a0d5f12859"
        },
        {
          "type": "image",
          "assetId": "Qo3rLsBXTYuJ",
          "checksum": "4be18c69207017e6fce765f0d79507ba"
        },
        {
          "type": "image",
          "assetId": "vrSrvmFyV2SE",
          "checksum": "71ded102ea8d2c7e0abc66f6d23d58be"
        },
        {
          "type": "image",
          "assetId": "5Zmie1z5K-OM",
          "checksum": "582109747e5c6c46bd457f49c983b9ab"
        },
        {
          "type": "image",
          "assetId": "05fI6zZ1mBr4",
          "checksum": "da5f5c2ba4a4477b4c89f68fa0e76f85"
        },
        {
          "type": "image",
          "assetId": "Ucrp-Ewo31b2",
          "checksum": "0b5fe12db7a5bbc19dd49624f5aaa735"
        },
        {
          "type": "image",
          "assetId": "3Uvj4d9am98D",
          "checksum": "8c24c2c515b0639a33b749eea7d59fa1"
        },
        {
          "type": "image",
          "assetId": "6y8MMPW9ewIS",
          "checksum": "fc94c7be5335c1a343d35fc63c1d9f7c"
        },
        {
          "type": "image",
          "assetId": "NQ-ymBh4RRnv",
          "checksum": "8c20ba9ec5d03e5f58f0f613204ef0ab"
        },
        {
          "type": "image",
          "assetId": "NkX5Vj9jB5-g",
          "checksum": "c63179198b7bc069601c7689e16194a4"
        },
        {
          "type": "image",
          "assetId": "2ipioQ34xGy0",
          "checksum": "9a2b56631a9b8dfc81cddf22af434164"
        },
        {
          "type": "image",
          "assetId": "ehmx5mDqW844",
          "checksum": "639b7b7f6e34ebcd95c884c1bc381e02"
        },
        {
          "type": "image",
          "assetId": "qws3Hz464WDx",
          "checksum": "f78b88115729ae6150123ea335d5d77f"
        },
        {
          "type": "image",
          "assetId": "PbAG8MgNu_uQ",
          "checksum": "cbf3c718d703ead8ecd0566edbc784df"
        },
        {
          "type": "image",
          "assetId": "7P503W8OT_V3",
          "checksum": "b925fb84f6884899dddf79086d61ae79"
        },
        {
          "type": "image",
          "assetId": "SGZejk5iJlis",
          "checksum": "7e8816aeb538217cf876b9f034514103"
        },
        {
          "type": "image",
          "assetId": "dAFRhqyDzCbI",
          "checksum": "aedc34fd6491e47f242ce653bc22f49b"
        },
        {
          "type": "image",
          "assetId": "ZGCHQPWdBMNx",
          "checksum": "e929234a39d84da5054cc123c6b36ee2"
        },
        {
          "type": "image",
          "assetId": "XQ3cUO3_P4Oa",
          "checksum": "cb0c687c6dc30931f20fe885066ce5f6"
        },
        {
          "type": "image",
          "assetId": "K4bY_UCR33oO",
          "checksum": "f273433a0cc8e128a8ce2f4ac2bfbd3a"
        },
        {
          "type": "image",
          "assetId": "xnjIHKFZ2EM9",
          "checksum": "7dac2f90963d8b54c7cf8ee9fad34a42"
        },
        {
          "type": "image",
          "assetId": "lNbU-2Hc13fq",
          "checksum": "6c0c70682b1efd378f8a42e39120b9ea"
        },
        {
          "type": "image",
          "assetId": "HdkXlvdzov41",
          "checksum": "859385d6f4d9dba8fad2fb313ef71dbf"
        },
        {
          "type": "image",
          "assetId": "HP7TmeP6HHIE",
          "checksum": "048826f56d9555a2faf187c5df494ff8"
        },
        {
          "type": "image",
          "assetId": "iQRlj8O8jlA4",
          "checksum": "d6d90ecbddbd20260ef5b8b3f03e1c13"
        },
        {
          "type": "image",
          "assetId": "-DP3BZlI0qEb",
          "checksum": "1a31c27e8e9422f6a77eef162a369f5b"
        },
        {
          "assetId": "qeJKyv24ewJk52PwTQnhz5",
          "type": "projectCss",
          "checksum": "7b5fb78a36d1ade5f574a820ca82a06c"
        }
      ],
      "codegenVersion": "0.0.1"
    }
  ],
  "cliVersion": "0.1.325"
}
